
Microsoft Visual Studio Solution File, Format Version 12.00
# Visual Studio Version 16
VisualStudioVersion = 16.0.29613.14
MinimumVisualStudioVersion = 10.0.40219.1
Project("{FAE04EC0-301F-11D3-BF4B-00C04F79EFBC}") = "Wpf_Cherednichenko_PR6", "Wpf_Cherednichenko_PR6.csproj", "{75C26311-6346-4B62-B375-32D0F4D718EE}"
EndProject
Global
	GlobalSection(SolutionConfigurationPlatforms) = preSolution
		Debug|Any CPU = Debug|Any CPU
		Release|Any CPU = Release|Any CPU
	EndGlobalSection
	GlobalSection(ProjectConfigurationPlatforms) = postSolution
		{75C26311-6346-4B62-B375-32D0F4D718EE}.Debug|Any CPU.ActiveCfg = Debug|Any CPU
		{75C26311-6346-4B62-B375-32D0F4D718EE}.Debug|Any CPU.Build.0 = Debug|Any CPU
		{75C26311-6346-4B62-B375-32D0F4D718EE}.Release|Any CPU.ActiveCfg = Release|Any CPU
		{75C26311-6346-4B62-B375-32D0F4D718EE}.Release|Any CPU.Build.0 = Release|Any CPU
	EndGlobalSection
	GlobalSection(SolutionProperties) = preSolution
		HideSolutionNode = FALSE
	EndGlobalSection
	GlobalSection(ExtensibilityGlobals) = postSolution
		SolutionGuid = {46C6BB3A-1C52-4FA3-8212-F802721A85C5}
	EndGlobalSection
EndGlobal
